
Microsoft Visual Studio Solution File, Format Version 12.00
# Visual Studio Version 16
VisualStudioVersion = 16.0.31702.278
MinimumVisualStudioVersion = 10.0.40219.1
Project("{FAE04EC0-301F-11D3-BF4B-00C04F79EFBC}") = "Guest House Management", "Guest House Management\Guest House Management.csproj", "{AB5844F6-5B78-4AFE-83F8-EAF56655F07A}"
EndProject
Global
	GlobalSection(SolutionConfigurationPlatforms) = preSolution
		Debug|Any CPU = Debug|Any CPU
		Release|Any CPU = Release|Any CPU
	EndGlobalSection
	GlobalSection(ProjectConfigurationPlatforms) = postSolution
		{AB5844F6-5B78-4AFE-83F8-EAF56655F07A}.Debug|Any CPU.ActiveCfg = Debug|Any CPU
		{AB5844F6-5B78-4AFE-83F8-EAF56655F07A}.Debug|Any CPU.Build.0 = Debug|Any CPU
		{AB5844F6-5B78-4AFE-83F8-EAF56655F07A}.Release|Any CPU.ActiveCfg = Release|Any CPU
		{AB5844F6-5B78-4AFE-83F8-EAF56655F07A}.Release|Any CPU.Build.0 = Release|Any CPU
	EndGlobalSection
	GlobalSection(SolutionProperties) = preSolution
		HideSolutionNode = FALSE
	EndGlobalSection
	GlobalSection(ExtensibilityGlobals) = postSolution
		SolutionGuid = {822338F8-5ADB-4C6D-B3D3-F38574EF2709}
	EndGlobalSection
EndGlobal
